
Microsoft Visual Studio Solution File, Format Version 12.00
# Visual Studio Version 17
VisualStudioVersion = 17.5.33530.505
MinimumVisualStudioVersion = 10.0.40219.1
Project("{FAE04EC0-301F-11D3-BF4B-00C04F79EFBC}") = "ShipsBattle", "ShipsBattle\ShipsBattle.csproj", "{122F9F96-4A51-4F41-A0F6-0031872D76C3}"
EndProject
Global
	GlobalSection(SolutionConfigurationPlatforms) = preSolution
		Debug|Any CPU = Debug|Any CPU
		Release|Any CPU = Release|Any CPU
	EndGlobalSection
	GlobalSection(ProjectConfigurationPlatforms) = postSolution
		{122F9F96-4A51-4F41-A0F6-0031872D76C3}.Debug|Any CPU.ActiveCfg = Debug|Any CPU
		{122F9F96-4A51-4F41-A0F6-0031872D76C3}.Debug|Any CPU.Build.0 = Debug|Any CPU
		{122F9F96-4A51-4F41-A0F6-0031872D76C3}.Release|Any CPU.ActiveCfg = Release|Any CPU
		{122F9F96-4A51-4F41-A0F6-0031872D76C3}.Release|Any CPU.Build.0 = Release|Any CPU
	EndGlobalSection
	GlobalSection(SolutionProperties) = preSolution
		HideSolutionNode = FALSE
	EndGlobalSection
	GlobalSection(ExtensibilityGlobals) = postSolution
		SolutionGuid = {33D346CA-0C39-4C15-953C-664B42104B00}
	EndGlobalSection
EndGlobal
